// !$*UTF8*$!
{
	archiveVersion = 1;
	classes = {
	};
	objectVersion = 77;
	objects = {

/* Begin PBXBuildFile section */
		0C1EB05F79895A10EECE54D3 /* ContentView.swift in Sources */ = {isa = PBXBuildFile; fileRef = C99F176FF58DC55F24480629 /* ContentView.swift */; };
		40250C151B05AB2AC7EBCD8E /* FirebaseCore in Frameworks */ = {isa = PBXBuildFile; productRef = CFC5898F3BD999E550ABDB6E /* FirebaseCore */; };
		4C060553EC46B345A3A651A4 /* FirebaseAuth in Frameworks */ = {isa = PBXBuildFile; productRef = F238BDE0A677C628F5355C5C /* FirebaseAuth */; };
		61E65B896D4706CE90C4C527 /* Shared.framework in Embed Frameworks */ = {isa = PBXBuildFile; fileRef = 20B81884D405CE5CFB7054DB /* Shared.framework */; settings = {ATTRIBUTES = (RemoveHeadersOnCopy, ); }; };
		97975CFB4D9CB67E28EB086C /* carAppApp.swift in Sources */ = {isa = PBXBuildFile; fileRef = E166135431E98EF2E7231D4C /* carAppApp.swift */; };
		E3358FBFA6DEE9602C7C3178 /* GoogleService-Info-Debug.plist in Resources */ = {isa = PBXBuildFile; fileRef = 0DC42B37847F1A5A331C129F /* GoogleService-Info-Debug.plist */; };
		E5D8DFF4CEFBC7ED2DCBD62B /* generate-project.sh in Resources */ = {isa = PBXBuildFile; fileRef = B135C9D05B043F7C0AAC70AE /* generate-project.sh */; };
		EB7147A26272A7B2C29F97D4 /* FirebaseFirestore in Frameworks */ = {isa = PBXBuildFile; productRef = 63BDB1B22E14C56E1A3EFDCD /* FirebaseFirestore */; };
		ED38CE0378861B5E48095112 /* Shared.framework in Frameworks */ = {isa = PBXBuildFile; fileRef = 20B81884D405CE5CFB7054DB /* Shared.framework */; };
/* End PBXBuildFile section */

/* Begin PBXCopyFilesBuildPhase section */
		72D722CA3FFC9F566092D92A /* Embed Frameworks */ = {
			isa = PBXCopyFilesBuildPhase;
			buildActionMask = 2147483647;
			dstPath = "";
			dstSubfolderSpec = 10;
			files = (
				61E65B896D4706CE90C4C527 /* Shared.framework in Embed Frameworks */,
			);
			name = "Embed Frameworks";
			runOnlyForDeploymentPostprocessing = 0;
		};
/* End PBXCopyFilesBuildPhase section */

/* Begin PBXFileReference section */
		0DC42B37847F1A5A331C129F /* GoogleService-Info-Debug.plist */ = {isa = PBXFileReference; lastKnownFileType = text.plist; path = "GoogleService-Info-Debug.plist"; sourceTree = "<group>"; };
		20B81884D405CE5CFB7054DB /* Shared.framework */ = {isa = PBXFileReference; lastKnownFileType = wrapper.framework; name = Shared.framework; path = ../composition/ios/build/bin/iosSimulatorArm64/debugFramework/Shared.framework; sourceTree = "<group>"; };
		25A592DAD009883E29DBAB11 /* Info.plist */ = {isa = PBXFileReference; lastKnownFileType = text.plist; path = Info.plist; sourceTree = "<group>"; };
		B135C9D05B043F7C0AAC70AE /* generate-project.sh */ = {isa = PBXFileReference; lastKnownFileType = text.script.sh; path = "generate-project.sh"; sourceTree = "<group>"; };
		C99F176FF58DC55F24480629 /* ContentView.swift */ = {isa = PBXFileReference; lastKnownFileType = sourcecode.swift; path = ContentView.swift; sourceTree = "<group>"; };
		E166135431E98EF2E7231D4C /* carAppApp.swift */ = {isa = PBXFileReference; lastKnownFileType = sourcecode.swift; path = carAppApp.swift; sourceTree = "<group>"; };
		F7BD4918D057DEA4C8FB450F /* carApp.app */ = {isa = PBXFileReference; includeInIndex = 0; lastKnownFileType = wrapper.application; path = carApp.app; sourceTree = BUILT_PRODUCTS_DIR; };
/* End PBXFileReference section */

/* Begin PBXFrameworksBuildPhase section */
		2EC8FC2657F951912E87F026 /* Frameworks */ = {
			isa = PBXFrameworksBuildPhase;
			buildActionMask = 2147483647;
			files = (
				ED38CE0378861B5E48095112 /* Shared.framework in Frameworks */,
				4C060553EC46B345A3A651A4 /* FirebaseAuth in Frameworks */,
				40250C151B05AB2AC7EBCD8E /* FirebaseCore in Frameworks */,
				EB7147A26272A7B2C29F97D4 /* FirebaseFirestore in Frameworks */,
			);
			runOnlyForDeploymentPostprocessing = 0;
		};
/* End PBXFrameworksBuildPhase section */

/* Begin PBXGroup section */
		22A277641E77C9E7433CBE1E /* iosApp */ = {
			isa = PBXGroup;
			children = (
				E166135431E98EF2E7231D4C /* carAppApp.swift */,
				C99F176FF58DC55F24480629 /* ContentView.swift */,
				B135C9D05B043F7C0AAC70AE /* generate-project.sh */,
				25A592DAD009883E29DBAB11 /* Info.plist */,
				B2E085FC069B7794CF608B18 /* Config */,
			);
			name = iosApp;
			path = .;
			sourceTree = "<group>";
		};
		39881192AFE2CF4DD842531A /* Products */ = {
			isa = PBXGroup;
			children = (
				F7BD4918D057DEA4C8FB450F /* carApp.app */,
			);
			name = Products;
			sourceTree = "<group>";
		};
		B2E085FC069B7794CF608B18 /* Config */ = {
			isa = PBXGroup;
			children = (
				D662E349C92D738275074605 /* Debug */,
			);
			path = Config;
			sourceTree = "<group>";
		};
		CCED53CEB55E73F654639F9F /* Frameworks */ = {
			isa = PBXGroup;
			children = (
				20B81884D405CE5CFB7054DB /* Shared.framework */,
			);
			name = Frameworks;
			sourceTree = "<group>";
		};
		D662E349C92D738275074605 /* Debug */ = {
			isa = PBXGroup;
			children = (
				0DC42B37847F1A5A331C129F /* GoogleService-Info-Debug.plist */,
			);
			path = Debug;
			sourceTree = "<group>";
		};
		E3D19A4D38694A47DC344CE6 = {
			isa = PBXGroup;
			children = (
				B2E085FC069B7794CF608B18 /* Config */,
				22A277641E77C9E7433CBE1E /* iosApp */,
				CCED53CEB55E73F654639F9F /* Frameworks */,
				39881192AFE2CF4DD842531A /* Products */,
			);
			sourceTree = "<group>";
		};
/* End PBXGroup section */

/* Begin PBXNativeTarget section */
		61D239EC09A12F8A35BAA5D5 /* carApp */ = {
			isa = PBXNativeTarget;
			buildConfigurationList = A341E26390F9E8DF3E134391 /* Build configuration list for PBXNativeTarget "carApp" */;
			buildPhases = (
				43E46D303569082042874712 /* Build Shared framework */,
				BD446437D5E90F9764FF8B6E /* Sources */,
				B3B0B1D2B074820A8E592E92 /* Resources */,
				2EC8FC2657F951912E87F026 /* Frameworks */,
				72D722CA3FFC9F566092D92A /* Embed Frameworks */,
			);
			buildRules = (
			);
			dependencies = (
			);
			name = carApp;
			packageProductDependencies = (
				F238BDE0A677C628F5355C5C /* FirebaseAuth */,
				CFC5898F3BD999E550ABDB6E /* FirebaseCore */,
				63BDB1B22E14C56E1A3EFDCD /* FirebaseFirestore */,
			);
			productName = carApp;
			productReference = F7BD4918D057DEA4C8FB450F /* carApp.app */;
			productType = "com.apple.product-type.application";
		};
/* End PBXNativeTarget section */

/* Begin PBXProject section */
		4FB5E915613CCB05F145A42B /* Project object */ = {
			isa = PBXProject;
			attributes = {
				BuildIndependentTargetsInParallel = YES;
				LastUpgradeCheck = 1430;
				TargetAttributes = {
				};
			};
			buildConfigurationList = AD83A9D78271D1C38CABC5E3 /* Build configuration list for PBXProject "carApp" */;
			developmentRegion = en;
			hasScannedForEncodings = 0;
			knownRegions = (
				Base,
				en,
			);
			mainGroup = E3D19A4D38694A47DC344CE6;
			minimizedProjectReferenceProxies = 1;
			packageReferences = (
				A40F9DD7B0572E3B09BF0F83 /* XCRemoteSwiftPackageReference "firebase-ios-sdk" */,
			);
			preferredProjectObjectVersion = 77;
			productRefGroup = 39881192AFE2CF4DD842531A /* Products */;
			projectDirPath = "";
			projectRoot = "";
			targets = (
				61D239EC09A12F8A35BAA5D5 /* carApp */,
			);
		};
/* End PBXProject section */

/* Begin PBXResourcesBuildPhase section */
		B3B0B1D2B074820A8E592E92 /* Resources */ = {
			isa = PBXResourcesBuildPhase;
			buildActionMask = 2147483647;
			files = (
				E3358FBFA6DEE9602C7C3178 /* GoogleService-Info-Debug.plist in Resources */,
				E5D8DFF4CEFBC7ED2DCBD62B /* generate-project.sh in Resources */,
			);
			runOnlyForDeploymentPostprocessing = 0;
		};
/* End PBXResourcesBuildPhase section */

/* Begin PBXShellScriptBuildPhase section */
		43E46D303569082042874712 /* Build Shared framework */ = {
			isa = PBXShellScriptBuildPhase;
			alwaysOutOfDate = 1;
			buildActionMask = 2147483647;
			files = (
			);
			inputFileListPaths = (
			);
			inputPaths = (
			);
			name = "Build Shared framework";
			outputFileListPaths = (
			);
			outputPaths = (
			);
			runOnlyForDeploymentPostprocessing = 0;
			shellPath = /bin/sh;
			shellScript = "cd \"$SRCROOT/..\"\n./gradlew :composition:ios:embedAndSignAppleFrameworkForXcode\n";
		};
/* End PBXShellScriptBuildPhase section */

/* Begin PBXSourcesBuildPhase section */
		BD446437D5E90F9764FF8B6E /* Sources */ = {
			isa = PBXSourcesBuildPhase;
			buildActionMask = 2147483647;
			files = (
				0C1EB05F79895A10EECE54D3 /* ContentView.swift in Sources */,
				97975CFB4D9CB67E28EB086C /* carAppApp.swift in Sources */,
			);
			runOnlyForDeploymentPostprocessing = 0;
		};
/* End PBXSourcesBuildPhase section */

/* Begin XCBuildConfiguration section */
		174E1FDA848B95D7D2059842 /* Release */ = {
			isa = XCBuildConfiguration;
			buildSettings = {
				ALWAYS_SEARCH_USER_PATHS = NO;
				CLANG_ANALYZER_NONNULL = YES;
				CLANG_ANALYZER_NUMBER_OBJECT_CONVERSION = YES_AGGRESSIVE;
				CLANG_CXX_LANGUAGE_STANDARD = "gnu++14";
				CLANG_CXX_LIBRARY = "libc++";
				CLANG_ENABLE_MODULES = YES;
				CLANG_ENABLE_OBJC_ARC = YES;
				CLANG_ENABLE_OBJC_WEAK = YES;
				CLANG_WARN_BLOCK_CAPTURE_AUTORELEASING = YES;
				CLANG_WARN_BOOL_CONVERSION = YES;
				CLANG_WARN_COMMA = YES;
				CLANG_WARN_CONSTANT_CONVERSION = YES;
				CLANG_WARN_DEPRECATED_OBJC_IMPLEMENTATIONS = YES;
				CLANG_WARN_DIRECT_OBJC_ISA_USAGE = YES_ERROR;
				CLANG_WARN_DOCUMENTATION_COMMENTS = YES;
				CLANG_WARN_EMPTY_BODY = YES;
				CLANG_WARN_ENUM_CONVERSION = YES;
				CLANG_WARN_INFINITE_RECURSION = YES;
				CLANG_WARN_INT_CONVERSION = YES;
				CLANG_WARN_NON_LITERAL_NULL_CONVERSION = YES;
				CLANG_WARN_OBJC_IMPLICIT_RETAIN_SELF = YES;
				CLANG_WARN_OBJC_LITERAL_CONVERSION = YES;
				CLANG_WARN_OBJC_ROOT_CLASS = YES_ERROR;
				CLANG_WARN_QUOTED_INCLUDE_IN_FRAMEWORK_HEADER = YES;
				CLANG_WARN_RANGE_LOOP_ANALYSIS = YES;
				CLANG_WARN_STRICT_PROTOTYPES = YES;
				CLANG_WARN_SUSPICIOUS_MOVE = YES;
				CLANG_WARN_UNGUARDED_AVAILABILITY = YES_AGGRESSIVE;
				CLANG_WARN_UNREACHABLE_CODE = YES;
				CLANG_WARN__DUPLICATE_METHOD_MATCH = YES;
				CODE_SIGNING_ALLOWED = NO;
				CODE_SIGNING_REQUIRED = NO;
				CODE_SIGN_IDENTITY = "";
				COPY_PHASE_STRIP = NO;
				DEBUG_INFORMATION_FORMAT = "dwarf-with-dsym";
				ENABLE_NS_ASSERTIONS = NO;
				ENABLE_STRICT_OBJC_MSGSEND = YES;
				FRAMEWORK_SEARCH_PATHS = (
					"$(inherited)",
					"$(SRCROOT)/../composition/ios/build/bin/iosSimulatorArm64/debugFramework",
				);
				GCC_C_LANGUAGE_STANDARD = gnu11;
				GCC_NO_COMMON_BLOCKS = YES;
				GCC_WARN_64_TO_32_BIT_CONVERSION = YES;
				GCC_WARN_ABOUT_RETURN_TYPE = YES_ERROR;
				GCC_WARN_UNDECLARED_SELECTOR = YES;
				GCC_WARN_UNINITIALIZED_AUTOS = YES_AGGRESSIVE;
				GCC_WARN_UNUSED_FUNCTION = YES;
				GCC_WARN_UNUSED_VARIABLE = YES;
				IPHONEOS_DEPLOYMENT_TARGET = 16.0;
				LD_RUNPATH_SEARCH_PATHS = (
					"$(inherited)",
					"@executable_path/Frameworks",
				);
				MTL_ENABLE_DEBUG_INFO = NO;
				MTL_FAST_MATH = YES;
				PRODUCT_NAME = "$(TARGET_NAME)";
				SDKROOT = iphoneos;
				SWIFT_COMPILATION_MODE = wholemodule;
				SWIFT_OPTIMIZATION_LEVEL = "-O";
				SWIFT_VERSION = 5.0;
			};
			name = Release;
		};
		1A2B2D793F3ED373678F9DF0 /* Debug */ = {
			isa = XCBuildConfiguration;
			buildSettings = {
				ALWAYS_SEARCH_USER_PATHS = NO;
				CLANG_ANALYZER_NONNULL = YES;
				CLANG_ANALYZER_NUMBER_OBJECT_CONVERSION = YES_AGGRESSIVE;
				CLANG_CXX_LANGUAGE_STANDARD = "gnu++14";
				CLANG_CXX_LIBRARY = "libc++";
				CLANG_ENABLE_MODULES = YES;
				CLANG_ENABLE_OBJC_ARC = YES;
				CLANG_ENABLE_OBJC_WEAK = YES;
				CLANG_WARN_BLOCK_CAPTURE_AUTORELEASING = YES;
				CLANG_WARN_BOOL_CONVERSION = YES;
				CLANG_WARN_COMMA = YES;
				CLANG_WARN_CONSTANT_CONVERSION = YES;
				CLANG_WARN_DEPRECATED_OBJC_IMPLEMENTATIONS = YES;
				CLANG_WARN_DIRECT_OBJC_ISA_USAGE = YES_ERROR;
				CLANG_WARN_DOCUMENTATION_COMMENTS = YES;
				CLANG_WARN_EMPTY_BODY = YES;
				CLANG_WARN_ENUM_CONVERSION = YES;
				CLANG_WARN_INFINITE_RECURSION = YES;
				CLANG_WARN_INT_CONVERSION = YES;
				CLANG_WARN_NON_LITERAL_NULL_CONVERSION = YES;
				CLANG_WARN_OBJC_IMPLICIT_RETAIN_SELF = YES;
				CLANG_WARN_OBJC_LITERAL_CONVERSION = YES;
				CLANG_WARN_OBJC_ROOT_CLASS = YES_ERROR;
				CLANG_WARN_QUOTED_INCLUDE_IN_FRAMEWORK_HEADER = YES;
				CLANG_WARN_RANGE_LOOP_ANALYSIS = YES;
				CLANG_WARN_STRICT_PROTOTYPES = YES;
				CLANG_WARN_SUSPICIOUS_MOVE = YES;
				CLANG_WARN_UNGUARDED_AVAILABILITY = YES_AGGRESSIVE;
				CLANG_WARN_UNREACHABLE_CODE = YES;
				CLANG_WARN__DUPLICATE_METHOD_MATCH = YES;
				CODE_SIGNING_ALLOWED = NO;
				CODE_SIGNING_REQUIRED = NO;
				CODE_SIGN_IDENTITY = "";
				COPY_PHASE_STRIP = NO;
				DEBUG_INFORMATION_FORMAT = dwarf;
				ENABLE_STRICT_OBJC_MSGSEND = YES;
				ENABLE_TESTABILITY = YES;
				FRAMEWORK_SEARCH_PATHS = (
					"$(inherited)",
					"$(SRCROOT)/../composition/ios/build/bin/iosSimulatorArm64/debugFramework",
				);
				GCC_C_LANGUAGE_STANDARD = gnu11;
				GCC_DYNAMIC_NO_PIC = NO;
				GCC_NO_COMMON_BLOCKS = YES;
				GCC_OPTIMIZATION_LEVEL = 0;
				GCC_PREPROCESSOR_DEFINITIONS = (
					"$(inherited)",
					"DEBUG=1",
				);
				GCC_WARN_64_TO_32_BIT_CONVERSION = YES;
				GCC_WARN_ABOUT_RETURN_TYPE = YES_ERROR;
				GCC_WARN_UNDECLARED_SELECTOR = YES;
				GCC_WARN_UNINITIALIZED_AUTOS = YES_AGGRESSIVE;
				GCC_WARN_UNUSED_FUNCTION = YES;
				GCC_WARN_UNUSED_VARIABLE = YES;
				IPHONEOS_DEPLOYMENT_TARGET = 16.0;
				LD_RUNPATH_SEARCH_PATHS = (
					"$(inherited)",
					"@executable_path/Frameworks",
				);
				MTL_ENABLE_DEBUG_INFO = INCLUDE_SOURCE;
				MTL_FAST_MATH = YES;
				ONLY_ACTIVE_ARCH = YES;
				PRODUCT_NAME = "$(TARGET_NAME)";
				SDKROOT = iphoneos;
				SWIFT_ACTIVE_COMPILATION_CONDITIONS = DEBUG;
				SWIFT_OPTIMIZATION_LEVEL = "-Onone";
				SWIFT_VERSION = 5.0;
			};
			name = Debug;
		};
		40B51EC700B19C4FCB697F92 /* Debug */ = {
			isa = XCBuildConfiguration;
			buildSettings = {
				ASSETCATALOG_COMPILER_APPICON_NAME = AppIcon;
				CODE_SIGN_IDENTITY = "iPhone Developer";
				FRAMEWORK_SEARCH_PATHS = (
					"$(inherited)",
					"\"../composition/ios/build/bin/iosSimulatorArm64/debugFramework\"",
				);
				INFOPLIST_FILE = Info.plist;
				LD_RUNPATH_SEARCH_PATHS = (
					"$(inherited)",
					"@executable_path/Frameworks",
				);
				PRODUCT_BUNDLE_IDENTIFIER = com.ruizurraca.carapp.debug;
				SDKROOT = iphoneos;
				TARGETED_DEVICE_FAMILY = "1,2";
			};
			name = Debug;
		};
		FB442A824F2183F823E95EE9 /* Release */ = {
			isa = XCBuildConfiguration;
			buildSettings = {
				ASSETCATALOG_COMPILER_APPICON_NAME = AppIcon;
				CODE_SIGN_IDENTITY = "iPhone Developer";
				FRAMEWORK_SEARCH_PATHS = (
					"$(inherited)",
					"\"../composition/ios/build/bin/iosSimulatorArm64/debugFramework\"",
				);
				INFOPLIST_FILE = Info.plist;
				LD_RUNPATH_SEARCH_PATHS = (
					"$(inherited)",
					"@executable_path/Frameworks",
				);
				PRODUCT_BUNDLE_IDENTIFIER = com.ruizurraca.carapp;
				SDKROOT = iphoneos;
				TARGETED_DEVICE_FAMILY = "1,2";
			};
			name = Release;
		};
/* End XCBuildConfiguration section */

/* Begin XCConfigurationList section */
		A341E26390F9E8DF3E134391 /* Build configuration list for PBXNativeTarget "carApp" */ = {
			isa = XCConfigurationList;
			buildConfigurations = (
				40B51EC700B19C4FCB697F92 /* Debug */,
				FB442A824F2183F823E95EE9 /* Release */,
			);
			defaultConfigurationIsVisible = 0;
			defaultConfigurationName = Debug;
		};
		AD83A9D78271D1C38CABC5E3 /* Build configuration list for PBXProject "carApp" */ = {
			isa = XCConfigurationList;
			buildConfigurations = (
				1A2B2D793F3ED373678F9DF0 /* Debug */,
				174E1FDA848B95D7D2059842 /* Release */,
			);
			defaultConfigurationIsVisible = 0;
			defaultConfigurationName = Debug;
		};
/* End XCConfigurationList section */

/* Begin XCRemoteSwiftPackageReference section */
		A40F9DD7B0572E3B09BF0F83 /* XCRemoteSwiftPackageReference "firebase-ios-sdk" */ = {
			isa = XCRemoteSwiftPackageReference;
			repositoryURL = "https://github.com/firebase/firebase-ios-sdk.git";
			requirement = {
				kind = exactVersion;
				version = 11.8.0;
			};
		};
/* End XCRemoteSwiftPackageReference section */

/* Begin XCSwiftPackageProductDependency section */
		63BDB1B22E14C56E1A3EFDCD /* FirebaseFirestore */ = {
			isa = XCSwiftPackageProductDependency;
			package = A40F9DD7B0572E3B09BF0F83 /* XCRemoteSwiftPackageReference "firebase-ios-sdk" */;
			productName = FirebaseFirestore;
		};
		CFC5898F3BD999E550ABDB6E /* FirebaseCore */ = {
			isa = XCSwiftPackageProductDependency;
			package = A40F9DD7B0572E3B09BF0F83 /* XCRemoteSwiftPackageReference "firebase-ios-sdk" */;
			productName = FirebaseCore;
		};
		F238BDE0A677C628F5355C5C /* FirebaseAuth */ = {
			isa = XCSwiftPackageProductDependency;
			package = A40F9DD7B0572E3B09BF0F83 /* XCRemoteSwiftPackageReference "firebase-ios-sdk" */;
			productName = FirebaseAuth;
		};
/* End XCSwiftPackageProductDependency section */
	};
	rootObject = 4FB5E915613CCB05F145A42B /* Project object */;
}
